
Microsoft Visual Studio Solution File, Format Version 12.00
# Visual Studio Version 17
VisualStudioVersion = 17.3.32901.215
MinimumVisualStudioVersion = 10.0.40219.1
Project("{8BC9CEB8-8B4A-11D0-8D11-00A0C91BC942}") = "FilterDriverAndApp", "FilterDriverAndApp.vcxproj", "{5A1FCB27-42A5-4B56-BD70-A9CEDC99E4CB}"
EndProject
Project("{8BC9CEB8-8B4A-11D0-8D11-00A0C91BC942}") = "TestApp", "..\TestApp\TestApp.vcxproj", "{3FFB5E5D-80F7-4D14-BAFE-A4A826D6AA15}"
EndProject
Project("{8BC9CEB8-8B4A-11D0-8D11-00A0C91BC942}") = "FilterDynamicLib", "..\FilterDynamicLib\FilterDynamicLib.vcxproj", "{85AFE04A-CF19-4504-91F7-A86396DB62AF}"
EndProject
Global
	GlobalSection(SolutionConfigurationPlatforms) = preSolution
		Debug|ARM = Debug|ARM
		Debug|ARM64 = Debug|ARM64
		Debug|x64 = Debug|x64
		Debug|x86 = Debug|x86
		Release|ARM = Release|ARM
		Release|ARM64 = Release|ARM64
		Release|x64 = Release|x64
		Release|x86 = Release|x86
	EndGlobalSection
	GlobalSection(ProjectConfigurationPlatforms) = postSolution
		{5A1FCB27-42A5-4B56-BD70-A9CEDC99E4CB}.Debug|ARM.ActiveCfg = Debug|x64
		{5A1FCB27-42A5-4B56-BD70-A9CEDC99E4CB}.Debug|ARM.Build.0 = Debug|x64
		{5A1FCB27-42A5-4B56-BD70-A9CEDC99E4CB}.Debug|ARM.Deploy.0 = Debug|x64
		{5A1FCB27-42A5-4B56-BD70-A9CEDC99E4CB}.Debug|ARM64.ActiveCfg = Debug|ARM64
		{5A1FCB27-42A5-4B56-BD70-A9CEDC99E4CB}.Debug|ARM64.Build.0 = Debug|ARM64
		{5A1FCB27-42A5-4B56-BD70-A9CEDC99E4CB}.Debug|ARM64.Deploy.0 = Debug|ARM64
		{5A1FCB27-42A5-4B56-BD70-A9CEDC99E4CB}.Debug|x64.ActiveCfg = Debug|x64
		{5A1FCB27-42A5-4B56-BD70-A9CEDC99E4CB}.Debug|x64.Build.0 = Debug|x64
		{5A1FCB27-42A5-4B56-BD70-A9CEDC99E4CB}.Debug|x64.Deploy.0 = Debug|x64
		{5A1FCB27-42A5-4B56-BD70-A9CEDC99E4CB}.Debug|x86.ActiveCfg = Debug|x64
		{5A1FCB27-42A5-4B56-BD70-A9CEDC99E4CB}.Debug|x86.Build.0 = Debug|x64
		{5A1FCB27-42A5-4B56-BD70-A9CEDC99E4CB}.Debug|x86.Deploy.0 = Debug|x64
		{5A1FCB27-42A5-4B56-BD70-A9CEDC99E4CB}.Release|ARM.ActiveCfg = Release|x64
		{5A1FCB27-42A5-4B56-BD70-A9CEDC99E4CB}.Release|ARM.Build.0 = Release|x64
		{5A1FCB27-42A5-4B56-BD70-A9CEDC99E4CB}.Release|ARM.Deploy.0 = Release|x64
		{5A1FCB27-42A5-4B56-BD70-A9CEDC99E4CB}.Release|ARM64.ActiveCfg = Release|ARM64
		{5A1FCB27-42A5-4B56-BD70-A9CEDC99E4CB}.Release|ARM64.Build.0 = Release|ARM64
		{5A1FCB27-42A5-4B56-BD70-A9CEDC99E4CB}.Release|ARM64.Deploy.0 = Release|ARM64
		{5A1FCB27-42A5-4B56-BD70-A9CEDC99E4CB}.Release|x64.ActiveCfg = Release|x64
		{5A1FCB27-42A5-4B56-BD70-A9CEDC99E4CB}.Release|x64.Build.0 = Release|x64
		{5A1FCB27-42A5-4B56-BD70-A9CEDC99E4CB}.Release|x64.Deploy.0 = Release|x64
		{5A1FCB27-42A5-4B56-BD70-A9CEDC99E4CB}.Release|x86.ActiveCfg = Release|x64
		{5A1FCB27-42A5-4B56-BD70-A9CEDC99E4CB}.Release|x86.Build.0 = Release|x64
		{5A1FCB27-42A5-4B56-BD70-A9CEDC99E4CB}.Release|x86.Deploy.0 = Release|x64
		{3FFB5E5D-80F7-4D14-BAFE-A4A826D6AA15}.Debug|ARM.ActiveCfg = Debug|x64
		{3FFB5E5D-80F7-4D14-BAFE-A4A826D6AA15}.Debug|ARM.Build.0 = Debug|x64
		{3FFB5E5D-80F7-4D14-BAFE-A4A826D6AA15}.Debug|ARM64.ActiveCfg = Debug|x64
		{3FFB5E5D-80F7-4D14-BAFE-A4A826D6AA15}.Debug|ARM64.Build.0 = Debug|x64
		{3FFB5E5D-80F7-4D14-BAFE-A4A826D6AA15}.Debug|x64.ActiveCfg = Debug|x64
		{3FFB5E5D-80F7-4D14-BAFE-A4A826D6AA15}.Debug|x64.Build.0 = Debug|x64
		{3FFB5E5D-80F7-4D14-BAFE-A4A826D6AA15}.Debug|x86.ActiveCfg = Debug|Win32
		{3FFB5E5D-80F7-4D14-BAFE-A4A826D6AA15}.Debug|x86.Build.0 = Debug|Win32
		{3FFB5E5D-80F7-4D14-BAFE-A4A826D6AA15}.Release|ARM.ActiveCfg = Release|x64
		{3FFB5E5D-80F7-4D14-BAFE-A4A826D6AA15}.Release|ARM.Build.0 = Release|x64
		{3FFB5E5D-80F7-4D14-BAFE-A4A826D6AA15}.Release|ARM64.ActiveCfg = Release|x64
		{3FFB5E5D-80F7-4D14-BAFE-A4A826D6AA15}.Release|ARM64.Build.0 = Release|x64
		{3FFB5E5D-80F7-4D14-BAFE-A4A826D6AA15}.Release|x64.ActiveCfg = Release|x64
		{3FFB5E5D-80F7-4D14-BAFE-A4A826D6AA15}.Release|x64.Build.0 = Release|x64
		{3FFB5E5D-80F7-4D14-BAFE-A4A826D6AA15}.Release|x86.ActiveCfg = Release|Win32
		{3FFB5E5D-80F7-4D14-BAFE-A4A826D6AA15}.Release|x86.Build.0 = Release|Win32
		{85AFE04A-CF19-4504-91F7-A86396DB62AF}.Debug|ARM.ActiveCfg = Debug|x64
		{85AFE04A-CF19-4504-91F7-A86396DB62AF}.Debug|ARM.Build.0 = Debug|x64
		{85AFE04A-CF19-4504-91F7-A86396DB62AF}.Debug|ARM64.ActiveCfg = Debug|x64
		{85AFE04A-CF19-4504-91F7-A86396DB62AF}.Debug|ARM64.Build.0 = Debug|x64
		{85AFE04A-CF19-4504-91F7-A86396DB62AF}.Debug|x64.ActiveCfg = Debug|x64
		{85AFE04A-CF19-4504-91F7-A86396DB62AF}.Debug|x64.Build.0 = Debug|x64
		{85AFE04A-CF19-4504-91F7-A86396DB62AF}.Debug|x86.ActiveCfg = Debug|Win32
		{85AFE04A-CF19-4504-91F7-A86396DB62AF}.Debug|x86.Build.0 = Debug|Win32
		{85AFE04A-CF19-4504-91F7-A86396DB62AF}.Release|ARM.ActiveCfg = Release|x64
		{85AFE04A-CF19-4504-91F7-A86396DB62AF}.Release|ARM.Build.0 = Release|x64
		{85AFE04A-CF19-4504-91F7-A86396DB62AF}.Release|ARM64.ActiveCfg = Release|x64
		{85AFE04A-CF19-4504-91F7-A86396DB62AF}.Release|ARM64.Build.0 = Release|x64
		{85AFE04A-CF19-4504-91F7-A86396DB62AF}.Release|x64.ActiveCfg = Release|x64
		{85AFE04A-CF19-4504-91F7-A86396DB62AF}.Release|x64.Build.0 = Release|x64
		{85AFE04A-CF19-4504-91F7-A86396DB62AF}.Release|x86.ActiveCfg = Release|Win32
		{85AFE04A-CF19-4504-91F7-A86396DB62AF}.Release|x86.Build.0 = Release|Win32
	EndGlobalSection
	GlobalSection(SolutionProperties) = preSolution
		HideSolutionNode = FALSE
	EndGlobalSection
	GlobalSection(ExtensibilityGlobals) = postSolution
		SolutionGuid = {88808A26-9FF4-42FB-A26F-08DE348F3BE3}
	EndGlobalSection
EndGlobal
